
Microsoft Visual Studio Solution File, Format Version 12.00
# Visual Studio 15
VisualStudioVersion = 15.0.27703.2035
MinimumVisualStudioVersion = 10.0.40219.1
Project("{888888A0-9F3D-457C-B088-3A5042F75D52}") = "LinearRegression", "LinearRegression\LinearRegression.pyproj", "{F68FF59F-21CB-4E72-B002-A418EA1E8718}"
EndProject
Global
	GlobalSection(SolutionConfigurationPlatforms) = preSolution
		Debug|Any CPU = Debug|Any CPU
		Release|Any CPU = Release|Any CPU
	EndGlobalSection
	GlobalSection(ProjectConfigurationPlatforms) = postSolution
		{F68FF59F-21CB-4E72-B002-A418EA1E8718}.Debug|Any CPU.ActiveCfg = Debug|Any CPU
		{F68FF59F-21CB-4E72-B002-A418EA1E8718}.Release|Any CPU.ActiveCfg = Release|Any CPU
	EndGlobalSection
	GlobalSection(SolutionProperties) = preSolution
		HideSolutionNode = FALSE
	EndGlobalSection
	GlobalSection(ExtensibilityGlobals) = postSolution
		SolutionGuid = {F835D09B-3EDE-43CE-BE60-98B35D68BE81}
	EndGlobalSection
EndGlobal
